// !$*UTF8*$!
{
	archiveVersion = 1;
	classes = {
	};
	objectVersion = 50;
	objects = {

/* Begin PBXBuildFile section */
		F513F42D251EC7CC0039A25C /* AppDelegate.swift in Sources */ = {isa = PBXBuildFile; fileRef = F513F42C251EC7CC0039A25C /* AppDelegate.swift */; };
		F513F42F251EC7CC0039A25C /* SceneDelegate.swift in Sources */ = {isa = PBXBuildFile; fileRef = F513F42E251EC7CC0039A25C /* SceneDelegate.swift */; };
		F513F431251EC7CC0039A25C /* ContentView.swift in Sources */ = {isa = PBXBuildFile; fileRef = F513F430251EC7CC0039A25C /* ContentView.swift */; };
		F513F433251EC7CD0039A25C /* Assets.xcassets in Resources */ = {isa = PBXBuildFile; fileRef = F513F432251EC7CD0039A25C /* Assets.xcassets */; };
		F513F436251EC7CD0039A25C /* Preview Assets.xcassets in Resources */ = {isa = PBXBuildFile; fileRef = F513F435251EC7CD0039A25C /* Preview Assets.xcassets */; };
		F513F439251EC7CD0039A25C /* LaunchScreen.storyboard in Resources */ = {isa = PBXBuildFile; fileRef = F513F437251EC7CD0039A25C /* LaunchScreen.storyboard */; };
		F597462125207695005C7766 /* NetworkManager.swift in Sources */ = {isa = PBXBuildFile; fileRef = F597462025207695005C7766 /* NetworkManager.swift */; };
		F597462325207846005C7766 /* PostData.swift in Sources */ = {isa = PBXBuildFile; fileRef = F597462225207846005C7766 /* PostData.swift */; };
		F597462725207DEC005C7766 /* DetailView.swift in Sources */ = {isa = PBXBuildFile; fileRef = F597462625207DEC005C7766 /* DetailView.swift */; };
		F597462925208647005C7766 /* WebView.swift in Sources */ = {isa = PBXBuildFile; fileRef = F597462825208647005C7766 /* WebView.swift */; };
/* End PBXBuildFile section */

/* Begin PBXFileReference section */
		F513F429251EC7CC0039A25C /* H4XOR.app */ = {isa = PBXFileReference; explicitFileType = wrapper.application; includeInIndex = 0; path = H4XOR.app; sourceTree = BUILT_PRODUCTS_DIR; };
		F513F42C251EC7CC0039A25C /* AppDelegate.swift */ = {isa = PBXFileReference; lastKnownFileType = sourcecode.swift; path = AppDelegate.swift; sourceTree = "<group>"; };
		F513F42E251EC7CC0039A25C /* SceneDelegate.swift */ = {isa = PBXFileReference; lastKnownFileType = sourcecode.swift; path = SceneDelegate.swift; sourceTree = "<group>"; };
		F513F430251EC7CC0039A25C /* ContentView.swift */ = {isa = PBXFileReference; lastKnownFileType = sourcecode.swift; path = ContentView.swift; sourceTree = "<group>"; };
		F513F432251EC7CD0039A25C /* Assets.xcassets */ = {isa = PBXFileReference; lastKnownFileType = folder.assetcatalog; path = Assets.xcassets; sourceTree = "<group>"; };
		F513F435251EC7CD0039A25C /* Preview Assets.xcassets */ = {isa = PBXFileReference; lastKnownFileType = folder.assetcatalog; path = "Preview Assets.xcassets"; sourceTree = "<group>"; };
		F513F438251EC7CD0039A25C /* Base */ = {isa = PBXFileReference; lastKnownFileType = file.storyboard; name = Base; path = Base.lproj/LaunchScreen.storyboard; sourceTree = "<group>"; };
		F513F43A251EC7CD0039A25C /* Info.plist */ = {isa = PBXFileReference; lastKnownFileType = text.plist.xml; path = Info.plist; sourceTree = "<group>"; };
		F597462025207695005C7766 /* NetworkManager.swift */ = {isa = PBXFileReference; lastKnownFileType = sourcecode.swift; path = NetworkManager.swift; sourceTree = "<group>"; };
		F597462225207846005C7766 /* PostData.swift */ = {isa = PBXFileReference; lastKnownFileType = sourcecode.swift; path = PostData.swift; sourceTree = "<group>"; };
		F597462625207DEC005C7766 /* DetailView.swift */ = {isa = PBXFileReference; lastKnownFileType = sourcecode.swift; path = DetailView.swift; sourceTree = "<group>"; };
		F597462825208647005C7766 /* WebView.swift */ = {isa = PBXFileReference; lastKnownFileType = sourcecode.swift; path = WebView.swift; sourceTree = "<group>"; };
		F597462A2520A188005C7766 /* H4XOR.entitlements */ = {isa = PBXFileReference; lastKnownFileType = text.plist.entitlements; path = H4XOR.entitlements; sourceTree = "<group>"; };
/* End PBXFileReference section */

/* Begin PBXFrameworksBuildPhase section */
		F513F426251EC7CC0039A25C /* Frameworks */ = {
			isa = PBXFrameworksBuildPhase;
			buildActionMask = 2147483647;
			files = (
			);
			runOnlyForDeploymentPostprocessing = 0;
		};
/* End PBXFrameworksBuildPhase section */

/* Begin PBXGroup section */
		F513F420251EC7CC0039A25C = {
			isa = PBXGroup;
			children = (
				F513F42B251EC7CC0039A25C /* H4XOR */,
				F513F42A251EC7CC0039A25C /* Products */,
			);
			sourceTree = "<group>";
		};
		F513F42A251EC7CC0039A25C /* Products */ = {
			isa = PBXGroup;
			children = (
				F513F429251EC7CC0039A25C /* H4XOR.app */,
			);
			name = Products;
			sourceTree = "<group>";
		};
		F513F42B251EC7CC0039A25C /* H4XOR */ = {
			isa = PBXGroup;
			children = (
				F597462A2520A188005C7766 /* H4XOR.entitlements */,
				F513F42C251EC7CC0039A25C /* AppDelegate.swift */,
				F513F42E251EC7CC0039A25C /* SceneDelegate.swift */,
				F597462525207DB7005C7766 /* Models */,
				F597462425207D87005C7766 /* Views */,
				F513F432251EC7CD0039A25C /* Assets.xcassets */,
				F513F437251EC7CD0039A25C /* LaunchScreen.storyboard */,
				F513F43A251EC7CD0039A25C /* Info.plist */,
				F513F434251EC7CD0039A25C /* Preview Content */,
			);
			path = H4XOR;
			sourceTree = "<group>";
		};
		F513F434251EC7CD0039A25C /* Preview Content */ = {
			isa = PBXGroup;
			children = (
				F513F435251EC7CD0039A25C /* Preview Assets.xcassets */,
			);
			path = "Preview Content";
			sourceTree = "<group>";
		};
		F597462425207D87005C7766 /* Views */ = {
			isa = PBXGroup;
			children = (
				F513F430251EC7CC0039A25C /* ContentView.swift */,
				F597462825208647005C7766 /* WebView.swift */,
				F597462625207DEC005C7766 /* DetailView.swift */,
			);
			path = Views;
			sourceTree = "<group>";
		};
		F597462525207DB7005C7766 /* Models */ = {
			isa = PBXGroup;
			children = (
				F597462225207846005C7766 /* PostData.swift */,
				F597462025207695005C7766 /* NetworkManager.swift */,
			);
			name = Models;
			path = ..;
			sourceTree = "<group>";
		};
/* End PBXGroup section */

/* Begin PBXNativeTarget section */
		F513F428251EC7CC0039A25C /* H4XOR */ = {
			isa = PBXNativeTarget;
			buildConfigurationList = F513F43D251EC7CD0039A25C /* Build configuration list for PBXNativeTarget "H4XOR" */;
			buildPhases = (
				F513F425251EC7CC0039A25C /* Sources */,
				F513F426251EC7CC0039A25C /* Frameworks */,
				F513F427251EC7CC0039A25C /* Resources */,
			);
			buildRules = (
			);
			dependencies = (
			);
			name = H4XOR;
			productName = H4XOR;
			productReference = F513F429251EC7CC0039A25C /* H4XOR.app */;
			productType = "com.apple.product-type.application";
		};
/* End PBXNativeTarget section */

/* Begin PBXProject section */
		F513F421251EC7CC0039A25C /* Project object */ = {
			isa = PBXProject;
			attributes = {
				LastSwiftUpdateCheck = 1170;
				LastUpgradeCheck = 1170;
				ORGANIZATIONNAME = "Tarek Hany";
				TargetAttributes = {
					F513F428251EC7CC0039A25C = {
						CreatedOnToolsVersion = 11.7;
					};
				};
			};
			buildConfigurationList = F513F424251EC7CC0039A25C /* Build configuration list for PBXProject "H4XOR" */;
			compatibilityVersion = "Xcode 9.3";
			developmentRegion = en;
			hasScannedForEncodings = 0;
			knownRegions = (
				en,
				Base,
			);
			mainGroup = F513F420251EC7CC0039A25C;
			productRefGroup = F513F42A251EC7CC0039A25C /* Products */;
			projectDirPath = "";
			projectRoot = "";
			targets = (
				F513F428251EC7CC0039A25C /* H4XOR */,
			);
		};
/* End PBXProject section */

/* Begin PBXResourcesBuildPhase section */
		F513F427251EC7CC0039A25C /* Resources */ = {
			isa = PBXResourcesBuildPhase;
			buildActionMask = 2147483647;
			files = (
				F513F439251EC7CD0039A25C /* LaunchScreen.storyboard in Resources */,
				F513F436251EC7CD0039A25C /* Preview Assets.xcassets in Resources */,
				F513F433251EC7CD0039A25C /* Assets.xcassets in Resources */,
			);
			runOnlyForDeploymentPostprocessing = 0;
		};
/* End PBXResourcesBuildPhase section */

/* Begin PBXSourcesBuildPhase section */
		F513F425251EC7CC0039A25C /* Sources */ = {
			isa = PBXSourcesBuildPhase;
			buildActionMask = 2147483647;
			files = (
				F597462325207846005C7766 /* PostData.swift in Sources */,
				F597462725207DEC005C7766 /* DetailView.swift in Sources */,
				F597462125207695005C7766 /* NetworkManager.swift in Sources */,
				F513F42D251EC7CC0039A25C /* AppDelegate.swift in Sources */,
				F513F42F251EC7CC0039A25C /* SceneDelegate.swift in Sources */,
				F513F431251EC7CC0039A25C /* ContentView.swift in Sources */,
				F597462925208647005C7766 /* WebView.swift in Sources */,
			);
			runOnlyForDeploymentPostprocessing = 0;
		};
/* End PBXSourcesBuildPhase section */

/* Begin PBXVariantGroup section */
		F513F437251EC7CD0039A25C /* LaunchScreen.storyboard */ = {
			isa = PBXVariantGroup;
			children = (
				F513F438251EC7CD0039A25C /* Base */,
			);
			name = LaunchScreen.storyboard;
			sourceTree = "<group>";
		};
/* End PBXVariantGroup section */

/* Begin XCBuildConfiguration section */
		F513F43B251EC7CD0039A25C /* Debug */ = {
			isa = XCBuildConfiguration;
			buildSettings = {
				ALWAYS_SEARCH_USER_PATHS = NO;
				CLANG_ANALYZER_NONNULL = YES;
				CLANG_ANALYZER_NUMBER_OBJECT_CONVERSION = YES_AGGRESSIVE;
				CLANG_CXX_LANGUAGE_STANDARD = "gnu++14";
				CLANG_CXX_LIBRARY = "libc++";
				CLANG_ENABLE_MODULES = YES;
				CLANG_ENABLE_OBJC_ARC = YES;
				CLANG_ENABLE_OBJC_WEAK = YES;
				CLANG_WARN_BLOCK_CAPTURE_AUTORELEASING = YES;
				CLANG_WARN_BOOL_CONVERSION = YES;
				CLANG_WARN_COMMA = YES;
				CLANG_WARN_CONSTANT_CONVERSION = YES;
				CLANG_WARN_DEPRECATED_OBJC_IMPLEMENTATIONS = YES;
				CLANG_WARN_DIRECT_OBJC_ISA_USAGE = YES_ERROR;
				CLANG_WARN_DOCUMENTATION_COMMENTS = YES;
				CLANG_WARN_EMPTY_BODY = YES;
				CLANG_WARN_ENUM_CONVERSION = YES;
				CLANG_WARN_INFINITE_RECURSION = YES;
				CLANG_WARN_INT_CONVERSION = YES;
				CLANG_WARN_NON_LITERAL_NULL_CONVERSION = YES;
				CLANG_WARN_OBJC_IMPLICIT_RETAIN_SELF = YES;
				CLANG_WARN_OBJC_LITERAL_CONVERSION = YES;
				CLANG_WARN_OBJC_ROOT_CLASS = YES_ERROR;
				CLANG_WARN_RANGE_LOOP_ANALYSIS = YES;
				CLANG_WARN_STRICT_PROTOTYPES = YES;
				CLANG_WARN_SUSPICIOUS_MOVE = YES;
				CLANG_WARN_UNGUARDED_AVAILABILITY = YES_AGGRESSIVE;
				CLANG_WARN_UNREACHABLE_CODE = YES;
				CLANG_WARN__DUPLICATE_METHOD_MATCH = YES;
				COPY_PHASE_STRIP = NO;
				DEBUG_INFORMATION_FORMAT = dwarf;
				ENABLE_STRICT_OBJC_MSGSEND = YES;
				ENABLE_TESTABILITY = YES;
				GCC_C_LANGUAGE_STANDARD = gnu11;
				GCC_DYNAMIC_NO_PIC = NO;
				GCC_NO_COMMON_BLOCKS = YES;
				GCC_OPTIMIZATION_LEVEL = 0;
				GCC_PREPROCESSOR_DEFINITIONS = (
					"DEBUG=1",
					"$(inherited)",
				);
				GCC_WARN_64_TO_32_BIT_CONVERSION = YES;
				GCC_WARN_ABOUT_RETURN_TYPE = YES_ERROR;
				GCC_WARN_UNDECLARED_SELECTOR = YES;
				GCC_WARN_UNINITIALIZED_AUTOS = YES_AGGRESSIVE;
				GCC_WARN_UNUSED_FUNCTION = YES;
				GCC_WARN_UNUSED_VARIABLE = YES;
				IPHONEOS_DEPLOYMENT_TARGET = 13.7;
				MTL_ENABLE_DEBUG_INFO = INCLUDE_SOURCE;
				MTL_FAST_MATH = YES;
				ONLY_ACTIVE_ARCH = YES;
				SDKROOT = iphoneos;
				SWIFT_ACTIVE_COMPILATION_CONDITIONS = DEBUG;
				SWIFT_OPTIMIZATION_LEVEL = "-Onone";
			};
			name = Debug;
		};
		F513F43C251EC7CD0039A25C /* Release */ = {
			isa = XCBuildConfiguration;
			buildSettings = {
				ALWAYS_SEARCH_USER_PATHS = NO;
				CLANG_ANALYZER_NONNULL = YES;
				CLANG_ANALYZER_NUMBER_OBJECT_CONVERSION = YES_AGGRESSIVE;
				CLANG_CXX_LANGUAGE_STANDARD = "gnu++14";
				CLANG_CXX_LIBRARY = "libc++";
				CLANG_ENABLE_MODULES = YES;
				CLANG_ENABLE_OBJC_ARC = YES;
				CLANG_ENABLE_OBJC_WEAK = YES;
				CLANG_WARN_BLOCK_CAPTURE_AUTORELEASING = YES;
				CLANG_WARN_BOOL_CONVERSION = YES;
				CLANG_WARN_COMMA = YES;
				CLANG_WARN_CONSTANT_CONVERSION = YES;
				CLANG_WARN_DEPRECATED_OBJC_IMPLEMENTATIONS = YES;
				CLANG_WARN_DIRECT_OBJC_ISA_USAGE = YES_ERROR;
				CLANG_WARN_DOCUMENTATION_COMMENTS = YES;
				CLANG_WARN_EMPTY_BODY = YES;
				CLANG_WARN_ENUM_CONVERSION = YES;
				CLANG_WARN_INFINITE_RECURSION = YES;
				CLANG_WARN_INT_CONVERSION = YES;
				CLANG_WARN_NON_LITERAL_NULL_CONVERSION = YES;
				CLANG_WARN_OBJC_IMPLICIT_RETAIN_SELF = YES;
				CLANG_WARN_OBJC_LITERAL_CONVERSION = YES;
				CLANG_WARN_OBJC_ROOT_CLASS = YES_ERROR;
				CLANG_WARN_RANGE_LOOP_ANALYSIS = YES;
				CLANG_WARN_STRICT_PROTOTYPES = YES;
				CLANG_WARN_SUSPICIOUS_MOVE = YES;
				CLANG_WARN_UNGUARDED_AVAILABILITY = YES_AGGRESSIVE;
				CLANG_WARN_UNREACHABLE_CODE = YES;
				CLANG_WARN__DUPLICATE_METHOD_MATCH = YES;
				COPY_PHASE_STRIP = NO;
				DEBUG_INFORMATION_FORMAT = "dwarf-with-dsym";
				ENABLE_NS_ASSERTIONS = NO;
				ENABLE_STRICT_OBJC_MSGSEND = YES;
				GCC_C_LANGUAGE_STANDARD = gnu11;
				GCC_NO_COMMON_BLOCKS = YES;
				GCC_WARN_64_TO_32_BIT_CONVERSION = YES;
				GCC_WARN_ABOUT_RETURN_TYPE = YES_ERROR;
				GCC_WARN_UNDECLARED_SELECTOR = YES;
				GCC_WARN_UNINITIALIZED_AUTOS = YES_AGGRESSIVE;
				GCC_WARN_UNUSED_FUNCTION = YES;
				GCC_WARN_UNUSED_VARIABLE = YES;
				IPHONEOS_DEPLOYMENT_TARGET = 13.7;
				MTL_ENABLE_DEBUG_INFO = NO;
				MTL_FAST_MATH = YES;
				SDKROOT = iphoneos;
				SWIFT_COMPILATION_MODE = wholemodule;
				SWIFT_OPTIMIZATION_LEVEL = "-O";
				VALIDATE_PRODUCT = YES;
			};
			name = Release;
		};
		F513F43E251EC7CD0039A25C /* Debug */ = {
			isa = XCBuildConfiguration;
			buildSettings = {
				ASSETCATALOG_COMPILER_APPICON_NAME = AppIcon;
				CODE_SIGN_ENTITLEMENTS = H4XOR/H4XOR.entitlements;
				"CODE_SIGN_IDENTITY[sdk=macosx*]" = "Apple Development";
				CODE_SIGN_STYLE = Automatic;
				DEVELOPMENT_ASSET_PATHS = "\"H4XOR/Preview Content\"";
				DEVELOPMENT_TEAM = YAKTD66396;
				ENABLE_PREVIEWS = YES;
				INFOPLIST_FILE = H4XOR/Info.plist;
				LD_RUNPATH_SEARCH_PATHS = (
					"$(inherited)",
					"@executable_path/Frameworks",
				);
				PRODUCT_BUNDLE_IDENTIFIER = com.tarekhany.H4XOR;
				PRODUCT_NAME = "$(TARGET_NAME)";
				SUPPORTS_MACCATALYST = YES;
				SWIFT_VERSION = 5.0;
				TARGETED_DEVICE_FAMILY = "1,2";
			};
			name = Debug;
		};
		F513F43F251EC7CD0039A25C /* Release */ = {
			isa = XCBuildConfiguration;
			buildSettings = {
				ASSETCATALOG_COMPILER_APPICON_NAME = AppIcon;
				CODE_SIGN_ENTITLEMENTS = H4XOR/H4XOR.entitlements;
				"CODE_SIGN_IDENTITY[sdk=macosx*]" = "Apple Development";
				CODE_SIGN_STYLE = Automatic;
				DEVELOPMENT_ASSET_PATHS = "\"H4XOR/Preview Content\"";
				DEVELOPMENT_TEAM = YAKTD66396;
				ENABLE_PREVIEWS = YES;
				INFOPLIST_FILE = H4XOR/Info.plist;
				LD_RUNPATH_SEARCH_PATHS = (
					"$(inherited)",
					"@executable_path/Frameworks",
				);
				PRODUCT_BUNDLE_IDENTIFIER = com.tarekhany.H4XOR;
				PRODUCT_NAME = "$(TARGET_NAME)";
				SUPPORTS_MACCATALYST = YES;
				SWIFT_VERSION = 5.0;
				TARGETED_DEVICE_FAMILY = "1,2";
			};
			name = Release;
		};
/* End XCBuildConfiguration section */

/* Begin XCConfigurationList section */
		F513F424251EC7CC0039A25C /* Build configuration list for PBXProject "H4XOR" */ = {
			isa = XCConfigurationList;
			buildConfigurations = (
				F513F43B251EC7CD0039A25C /* Debug */,
				F513F43C251EC7CD0039A25C /* Release */,
			);
			defaultConfigurationIsVisible = 0;
			defaultConfigurationName = Release;
		};
		F513F43D251EC7CD0039A25C /* Build configuration list for PBXNativeTarget "H4XOR" */ = {
			isa = XCConfigurationList;
			buildConfigurations = (
				F513F43E251EC7CD0039A25C /* Debug */,
				F513F43F251EC7CD0039A25C /* Release */,
			);
			defaultConfigurationIsVisible = 0;
			defaultConfigurationName = Release;
		};
/* End XCConfigurationList section */
	};
	rootObject = F513F421251EC7CC0039A25C /* Project object */;
}
